// !$*UTF8*$!
{
	archiveVersion = 1;
	classes = {
	};
	objectVersion = 46;
	objects = {

/* Begin PBXBuildFile section */
		FFFFDF181CC6A2CB00A17503 /* AppDelegate.swift in Sources */ = {isa = PBXBuildFile; fileRef = FFFFDF171CC6A2CB00A17503 /* AppDelegate.swift */; };
		FFFFDF1A1CC6A2CB00A17503 /* ViewController.swift in Sources */ = {isa = PBXBuildFile; fileRef = FFFFDF191CC6A2CB00A17503 /* ViewController.swift */; };
		FFFFDF1D1CC6A2CB00A17503 /* Main.storyboard in Resources */ = {isa = PBXBuildFile; fileRef = FFFFDF1B1CC6A2CB00A17503 /* Main.storyboard */; };
		FFFFDF1F1CC6A2CB00A17503 /* Assets.xcassets in Resources */ = {isa = PBXBuildFile; fileRef = FFFFDF1E1CC6A2CB00A17503 /* Assets.xcassets */; };
		FFFFDF221CC6A2CB00A17503 /* LaunchScreen.storyboard in Resources */ = {isa = PBXBuildFile; fileRef = FFFFDF201CC6A2CB00A17503 /* LaunchScreen.storyboard */; };
		FFFFDF2D1CC6A2CB00A17503 /* FastlaneIssueTests.swift in Sources */ = {isa = PBXBuildFile; fileRef = FFFFDF2C1CC6A2CB00A17503 /* FastlaneIssueTests.swift */; };
/* End PBXBuildFile section */

/* Begin PBXContainerItemProxy section */
		FFFFDF291CC6A2CB00A17503 /* PBXContainerItemProxy */ = {
			isa = PBXContainerItemProxy;
			containerPortal = FFFFDF0C1CC6A2CB00A17503 /* Project object */;
			proxyType = 1;
			remoteGlobalIDString = FFFFDF131CC6A2CB00A17503;
			remoteInfo = FastlaneIssue;
		};
/* End PBXContainerItemProxy section */

/* Begin PBXFileReference section */
		FFFFDF141CC6A2CB00A17503 /* FastlaneIssue.app */ = {isa = PBXFileReference; explicitFileType = wrapper.application; includeInIndex = 0; path = FastlaneIssue.app; sourceTree = BUILT_PRODUCTS_DIR; };
		FFFFDF171CC6A2CB00A17503 /* AppDelegate.swift */ = {isa = PBXFileReference; lastKnownFileType = sourcecode.swift; path = AppDelegate.swift; sourceTree = "<group>"; };
		FFFFDF191CC6A2CB00A17503 /* ViewController.swift */ = {isa = PBXFileReference; lastKnownFileType = sourcecode.swift; path = ViewController.swift; sourceTree = "<group>"; };
		FFFFDF1C1CC6A2CB00A17503 /* Base */ = {isa = PBXFileReference; lastKnownFileType = file.storyboard; name = Base; path = Base.lproj/Main.storyboard; sourceTree = "<group>"; };
		FFFFDF1E1CC6A2CB00A17503 /* Assets.xcassets */ = {isa = PBXFileReference; lastKnownFileType = folder.assetcatalog; path = Assets.xcassets; sourceTree = "<group>"; };
		FFFFDF211CC6A2CB00A17503 /* Base */ = {isa = PBXFileReference; lastKnownFileType = file.storyboard; name = Base; path = Base.lproj/LaunchScreen.storyboard; sourceTree = "<group>"; };
		FFFFDF231CC6A2CB00A17503 /* Info.plist */ = {isa = PBXFileReference; lastKnownFileType = text.plist.xml; path = Info.plist; sourceTree = "<group>"; };
		FFFFDF281CC6A2CB00A17503 /* FastlaneIssueTests.xctest */ = {isa = PBXFileReference; explicitFileType = wrapper.cfbundle; includeInIndex = 0; path = FastlaneIssueTests.xctest; sourceTree = BUILT_PRODUCTS_DIR; };
		FFFFDF2C1CC6A2CB00A17503 /* FastlaneIssueTests.swift */ = {isa = PBXFileReference; lastKnownFileType = sourcecode.swift; path = FastlaneIssueTests.swift; sourceTree = "<group>"; };
		FFFFDF2E1CC6A2CB00A17503 /* Info.plist */ = {isa = PBXFileReference; lastKnownFileType = text.plist.xml; path = Info.plist; sourceTree = "<group>"; };
/* End PBXFileReference section */

/* Begin PBXFrameworksBuildPhase section */
		FFFFDF111CC6A2CB00A17503 /* Frameworks */ = {
			isa = PBXFrameworksBuildPhase;
			buildActionMask = 2147483647;
			files = (
			);
			runOnlyForDeploymentPostprocessing = 0;
		};
		FFFFDF251CC6A2CB00A17503 /* Frameworks */ = {
			isa = PBXFrameworksBuildPhase;
			buildActionMask = 2147483647;
			files = (
			);
			runOnlyForDeploymentPostprocessing = 0;
		};
/* End PBXFrameworksBuildPhase section */

/* Begin PBXGroup section */
		FFFFDF0B1CC6A2CB00A17503 = {
			isa = PBXGroup;
			children = (
				FFFFDF161CC6A2CB00A17503 /* FastlaneIssue */,
				FFFFDF2B1CC6A2CB00A17503 /* FastlaneIssueTests */,
				FFFFDF151CC6A2CB00A17503 /* Products */,
			);
			sourceTree = "<group>";
		};
		FFFFDF151CC6A2CB00A17503 /* Products */ = {
			isa = PBXGroup;
			children = (
				FFFFDF141CC6A2CB00A17503 /* FastlaneIssue.app */,
				FFFFDF281CC6A2CB00A17503 /* FastlaneIssueTests.xctest */,
			);
			name = Products;
			sourceTree = "<group>";
		};
		FFFFDF161CC6A2CB00A17503 /* FastlaneIssue */ = {
			isa = PBXGroup;
			children = (
				FFFFDF171CC6A2CB00A17503 /* AppDelegate.swift */,
				FFFFDF191CC6A2CB00A17503 /* ViewController.swift */,
				FFFFDF1B1CC6A2CB00A17503 /* Main.storyboard */,
				FFFFDF1E1CC6A2CB00A17503 /* Assets.xcassets */,
				FFFFDF201CC6A2CB00A17503 /* LaunchScreen.storyboard */,
				FFFFDF231CC6A2CB00A17503 /* Info.plist */,
			);
			path = FastlaneIssue;
			sourceTree = "<group>";
		};
		FFFFDF2B1CC6A2CB00A17503 /* FastlaneIssueTests */ = {
			isa = PBXGroup;
			children = (
				FFFFDF2C1CC6A2CB00A17503 /* FastlaneIssueTests.swift */,
				FFFFDF2E1CC6A2CB00A17503 /* Info.plist */,
			);
			path = FastlaneIssueTests;
			sourceTree = "<group>";
		};
/* End PBXGroup section */

/* Begin PBXNativeTarget section */
		FFFFDF131CC6A2CB00A17503 /* FastlaneIssue */ = {
			isa = PBXNativeTarget;
			buildConfigurationList = FFFFDF311CC6A2CB00A17503 /* Build configuration list for PBXNativeTarget "FastlaneIssue" */;
			buildPhases = (
				FFFFDF101CC6A2CB00A17503 /* Sources */,
				FFFFDF111CC6A2CB00A17503 /* Frameworks */,
				FFFFDF121CC6A2CB00A17503 /* Resources */,
			);
			buildRules = (
			);
			dependencies = (
			);
			name = FastlaneIssue;
			productName = FastlaneIssue;
			productReference = FFFFDF141CC6A2CB00A17503 /* FastlaneIssue.app */;
			productType = "com.apple.product-type.application";
		};
		FFFFDF271CC6A2CB00A17503 /* FastlaneIssueTests */ = {
			isa = PBXNativeTarget;
			buildConfigurationList = FFFFDF341CC6A2CB00A17503 /* Build configuration list for PBXNativeTarget "FastlaneIssueTests" */;
			buildPhases = (
				FFFFDF241CC6A2CB00A17503 /* Sources */,
				FFFFDF251CC6A2CB00A17503 /* Frameworks */,
				FFFFDF261CC6A2CB00A17503 /* Resources */,
			);
			buildRules = (
			);
			dependencies = (
				FFFFDF2A1CC6A2CB00A17503 /* PBXTargetDependency */,
			);
			name = FastlaneIssueTests;
			productName = FastlaneIssueTests;
			productReference = FFFFDF281CC6A2CB00A17503 /* FastlaneIssueTests.xctest */;
			productType = "com.apple.product-type.bundle.unit-test";
		};
/* End PBXNativeTarget section */

/* Begin PBXProject section */
		FFFFDF0C1CC6A2CB00A17503 /* Project object */ = {
			isa = PBXProject;
			attributes = {
				LastSwiftUpdateCheck = 0730;
				LastUpgradeCheck = 0730;
				ORGANIZATIONNAME = "Van Order, Jacob";
				TargetAttributes = {
					FFFFDF131CC6A2CB00A17503 = {
						CreatedOnToolsVersion = 7.3;
					};
					FFFFDF271CC6A2CB00A17503 = {
						CreatedOnToolsVersion = 7.3;
						TestTargetID = FFFFDF131CC6A2CB00A17503;
					};
				};
			};
			buildConfigurationList = FFFFDF0F1CC6A2CB00A17503 /* Build configuration list for PBXProject "FastlaneIssue" */;
			compatibilityVersion = "Xcode 3.2";
			developmentRegion = English;
			hasScannedForEncodings = 0;
			knownRegions = (
				en,
				Base,
			);
			mainGroup = FFFFDF0B1CC6A2CB00A17503;
			productRefGroup = FFFFDF151CC6A2CB00A17503 /* Products */;
			projectDirPath = "";
			projectRoot = "";
			targets = (
				FFFFDF131CC6A2CB00A17503 /* FastlaneIssue */,
				FFFFDF271CC6A2CB00A17503 /* FastlaneIssueTests */,
			);
		};
/* End PBXProject section */

/* Begin PBXResourcesBuildPhase section */
		FFFFDF121CC6A2CB00A17503 /* Resources */ = {
			isa = PBXResourcesBuildPhase;
			buildActionMask = 2147483647;
			files = (
				FFFFDF221CC6A2CB00A17503 /* LaunchScreen.storyboard in Resources */,
				FFFFDF1F1CC6A2CB00A17503 /* Assets.xcassets in Resources */,
				FFFFDF1D1CC6A2CB00A17503 /* Main.storyboard in Resources */,
			);
			runOnlyForDeploymentPostprocessing = 0;
		};
		FFFFDF261CC6A2CB00A17503 /* Resources */ = {
			isa = PBXResourcesBuildPhase;
			buildActionMask = 2147483647;
			files = (
			);
			runOnlyForDeploymentPostprocessing = 0;
		};
/* End PBXResourcesBuildPhase section */

/* Begin PBXSourcesBuildPhase section */
		FFFFDF101CC6A2CB00A17503 /* Sources */ = {
			isa = PBXSourcesBuildPhase;
			buildActionMask = 2147483647;
			files = (
				FFFFDF1A1CC6A2CB00A17503 /* ViewController.swift in Sources */,
				FFFFDF181CC6A2CB00A17503 /* AppDelegate.swift in Sources */,
			);
			runOnlyForDeploymentPostprocessing = 0;
		};
		FFFFDF241CC6A2CB00A17503 /* Sources */ = {
			isa = PBXSourcesBuildPhase;
			buildActionMask = 2147483647;
			files = (
				FFFFDF2D1CC6A2CB00A17503 /* FastlaneIssueTests.swift in Sources */,
			);
			runOnlyForDeploymentPostprocessing = 0;
		};
/* End PBXSourcesBuildPhase section */

/* Begin PBXTargetDependency section */
		FFFFDF2A1CC6A2CB00A17503 /* PBXTargetDependency */ = {
			isa = PBXTargetDependency;
			target = FFFFDF131CC6A2CB00A17503 /* FastlaneIssue */;
			targetProxy = FFFFDF291CC6A2CB00A17503 /* PBXContainerItemProxy */;
		};
/* End PBXTargetDependency section */

/* Begin PBXVariantGroup section */
		FFFFDF1B1CC6A2CB00A17503 /* Main.storyboard */ = {
			isa = PBXVariantGroup;
			children = (
				FFFFDF1C1CC6A2CB00A17503 /* Base */,
			);
			name = Main.storyboard;
			sourceTree = "<group>";
		};
		FFFFDF201CC6A2CB00A17503 /* LaunchScreen.storyboard */ = {
			isa = PBXVariantGroup;
			children = (
				FFFFDF211CC6A2CB00A17503 /* Base */,
			);
			name = LaunchScreen.storyboard;
			sourceTree = "<group>";
		};
/* End PBXVariantGroup section */

/* Begin XCBuildConfiguration section */
		FFFFDF2F1CC6A2CB00A17503 /* Debug */ = {
			isa = XCBuildConfiguration;
			buildSettings = {
				ALWAYS_SEARCH_USER_PATHS = NO;
				CLANG_ANALYZER_NONNULL = YES;
				CLANG_CXX_LANGUAGE_STANDARD = "gnu++0x";
				CLANG_CXX_LIBRARY = "libc++";
				CLANG_ENABLE_MODULES = YES;
				CLANG_ENABLE_OBJC_ARC = YES;
				CLANG_WARN_BOOL_CONVERSION = YES;
				CLANG_WARN_CONSTANT_CONVERSION = YES;
				CLANG_WARN_DIRECT_OBJC_ISA_USAGE = YES_ERROR;
				CLANG_WARN_EMPTY_BODY = YES;
				CLANG_WARN_ENUM_CONVERSION = YES;
				CLANG_WARN_INT_CONVERSION = YES;
				CLANG_WARN_OBJC_ROOT_CLASS = YES_ERROR;
				CLANG_WARN_UNREACHABLE_CODE = YES;
				CLANG_WARN__DUPLICATE_METHOD_MATCH = YES;
				"CODE_SIGN_IDENTITY[sdk=iphoneos*]" = "iPhone Developer";
				COPY_PHASE_STRIP = NO;
				DEBUG_INFORMATION_FORMAT = dwarf;
				ENABLE_STRICT_OBJC_MSGSEND = YES;
				ENABLE_TESTABILITY = YES;
				GCC_C_LANGUAGE_STANDARD = gnu99;
				GCC_DYNAMIC_NO_PIC = NO;
				GCC_NO_COMMON_BLOCKS = YES;
				GCC_OPTIMIZATION_LEVEL = 0;
				GCC_PREPROCESSOR_DEFINITIONS = (
					"DEBUG=1",
					"$(inherited)",
				);
				GCC_WARN_64_TO_32_BIT_CONVERSION = YES;
				GCC_WARN_ABOUT_RETURN_TYPE = YES_ERROR;
				GCC_WARN_UNDECLARED_SELECTOR = YES;
				GCC_WARN_UNINITIALIZED_AUTOS = YES_AGGRESSIVE;
				GCC_WARN_UNUSED_FUNCTION = YES;
				GCC_WARN_UNUSED_VARIABLE = YES;
				IPHONEOS_DEPLOYMENT_TARGET = 9.3;
				MTL_ENABLE_DEBUG_INFO = YES;
				ONLY_ACTIVE_ARCH = YES;
				SDKROOT = iphoneos;
				SWIFT_OPTIMIZATION_LEVEL = "-Onone";
			};
			name = Debug;
		};
		FFFFDF301CC6A2CB00A17503 /* Release */ = {
			isa = XCBuildConfiguration;
			buildSettings = {
				ALWAYS_SEARCH_USER_PATHS = NO;
				CLANG_ANALYZER_NONNULL = YES;
				CLANG_CXX_LANGUAGE_STANDARD = "gnu++0x";
				CLANG_CXX_LIBRARY = "libc++";
				CLANG_ENABLE_MODULES = YES;
				CLANG_ENABLE_OBJC_ARC = YES;
				CLANG_WARN_BOOL_CONVERSION = YES;
				CLANG_WARN_CONSTANT_CONVERSION = YES;
				CLANG_WARN_DIRECT_OBJC_ISA_USAGE = YES_ERROR;
				CLANG_WARN_EMPTY_BODY = YES;
				CLANG_WARN_ENUM_CONVERSION = YES;
				CLANG_WARN_INT_CONVERSION = YES;
				CLANG_WARN_OBJC_ROOT_CLASS = YES_ERROR;
				CLANG_WARN_UNREACHABLE_CODE = YES;
				CLANG_WARN__DUPLICATE_METHOD_MATCH = YES;
				"CODE_SIGN_IDENTITY[sdk=iphoneos*]" = "iPhone Developer";
				COPY_PHASE_STRIP = NO;
				DEBUG_INFORMATION_FORMAT = "dwarf-with-dsym";
				ENABLE_NS_ASSERTIONS = NO;
				ENABLE_STRICT_OBJC_MSGSEND = YES;
				GCC_C_LANGUAGE_STANDARD = gnu99;
				GCC_NO_COMMON_BLOCKS = YES;
				GCC_WARN_64_TO_32_BIT_CONVERSION = YES;
				GCC_WARN_ABOUT_RETURN_TYPE = YES_ERROR;
				GCC_WARN_UNDECLARED_SELECTOR = YES;
				GCC_WARN_UNINITIALIZED_AUTOS = YES_AGGRESSIVE;
				GCC_WARN_UNUSED_FUNCTION = YES;
				GCC_WARN_UNUSED_VARIABLE = YES;
				IPHONEOS_DEPLOYMENT_TARGET = 9.3;
				MTL_ENABLE_DEBUG_INFO = NO;
				SDKROOT = iphoneos;
				VALIDATE_PRODUCT = YES;
			};
			name = Release;
		};
		FFFFDF321CC6A2CB00A17503 /* Debug */ = {
			isa = XCBuildConfiguration;
			buildSettings = {
				ASSETCATALOG_COMPILER_APPICON_NAME = AppIcon;
				INFOPLIST_FILE = FastlaneIssue/Info.plist;
				LD_RUNPATH_SEARCH_PATHS = "$(inherited) @executable_path/Frameworks";
				PRODUCT_BUNDLE_IDENTIFIER = Grainger.FastlaneIssue;
				PRODUCT_NAME = "$(TARGET_NAME)";
			};
			name = Debug;
		};
		FFFFDF331CC6A2CB00A17503 /* Release */ = {
			isa = XCBuildConfiguration;
			buildSettings = {
				ASSETCATALOG_COMPILER_APPICON_NAME = AppIcon;
				INFOPLIST_FILE = FastlaneIssue/Info.plist;
				LD_RUNPATH_SEARCH_PATHS = "$(inherited) @executable_path/Frameworks";
				PRODUCT_BUNDLE_IDENTIFIER = Grainger.FastlaneIssue;
				PRODUCT_NAME = "$(TARGET_NAME)";
			};
			name = Release;
		};
		FFFFDF351CC6A2CB00A17503 /* Debug */ = {
			isa = XCBuildConfiguration;
			buildSettings = {
				BUNDLE_LOADER = "$(TEST_HOST)";
				INFOPLIST_FILE = FastlaneIssueTests/Info.plist;
				LD_RUNPATH_SEARCH_PATHS = "$(inherited) @executable_path/Frameworks @loader_path/Frameworks";
				PRODUCT_BUNDLE_IDENTIFIER = Grainger.FastlaneIssueTests;
				PRODUCT_NAME = "$(TARGET_NAME)";
				TEST_HOST = "$(BUILT_PRODUCTS_DIR)/FastlaneIssue.app/FastlaneIssue";
			};
			name = Debug;
		};
		FFFFDF361CC6A2CB00A17503 /* Release */ = {
			isa = XCBuildConfiguration;
			buildSettings = {
				BUNDLE_LOADER = "$(TEST_HOST)";
				INFOPLIST_FILE = FastlaneIssueTests/Info.plist;
				LD_RUNPATH_SEARCH_PATHS = "$(inherited) @executable_path/Frameworks @loader_path/Frameworks";
				PRODUCT_BUNDLE_IDENTIFIER = Grainger.FastlaneIssueTests;
				PRODUCT_NAME = "$(TARGET_NAME)";
				TEST_HOST = "$(BUILT_PRODUCTS_DIR)/FastlaneIssue.app/FastlaneIssue";
			};
			name = Release;
		};
/* End XCBuildConfiguration section */

/* Begin XCConfigurationList section */
		FFFFDF0F1CC6A2CB00A17503 /* Build configuration list for PBXProject "FastlaneIssue" */ = {
			isa = XCConfigurationList;
			buildConfigurations = (
				FFFFDF2F1CC6A2CB00A17503 /* Debug */,
				FFFFDF301CC6A2CB00A17503 /* Release */,
			);
			defaultConfigurationIsVisible = 0;
			defaultConfigurationName = Release;
		};
		FFFFDF311CC6A2CB00A17503 /* Build configuration list for PBXNativeTarget "FastlaneIssue" */ = {
			isa = XCConfigurationList;
			buildConfigurations = (
				FFFFDF321CC6A2CB00A17503 /* Debug */,
				FFFFDF331CC6A2CB00A17503 /* Release */,
			);
			defaultConfigurationIsVisible = 0;
		};
		FFFFDF341CC6A2CB00A17503 /* Build configuration list for PBXNativeTarget "FastlaneIssueTests" */ = {
			isa = XCConfigurationList;
			buildConfigurations = (
				FFFFDF351CC6A2CB00A17503 /* Debug */,
				FFFFDF361CC6A2CB00A17503 /* Release */,
			);
			defaultConfigurationIsVisible = 0;
		};
/* End XCConfigurationList section */
	};
	rootObject = FFFFDF0C1CC6A2CB00A17503 /* Project object */;
}
